// !$*UTF8*$!
{
	archiveVersion = 1;
	classes = {
	};
	objectVersion = 46;
	objects = {

/* Begin PBXBuildFile section */
		AF433B941AA604FB00066311 /* AppDelegate.swift in Sources */ = {isa = PBXBuildFile; fileRef = AF433B931AA604FB00066311 /* AppDelegate.swift */; };
		AF433B961AA604FB00066311 /* ViewController.swift in Sources */ = {isa = PBXBuildFile; fileRef = AF433B951AA604FB00066311 /* ViewController.swift */; };
		AF433B991AA604FB00066311 /* Main.storyboard in Resources */ = {isa = PBXBuildFile; fileRef = AF433B971AA604FB00066311 /* Main.storyboard */; };
		AF433B9B1AA604FB00066311 /* Images.xcassets in Resources */ = {isa = PBXBuildFile; fileRef = AF433B9A1AA604FB00066311 /* Images.xcassets */; };
		AF433B9E1AA604FB00066311 /* LaunchScreen.xib in Resources */ = {isa = PBXBuildFile; fileRef = AF433B9C1AA604FB00066311 /* LaunchScreen.xib */; };
		AF433BAA1AA604FB00066311 /* firstAppTests.swift in Sources */ = {isa = PBXBuildFile; fileRef = AF433BA91AA604FB00066311 /* firstAppTests.swift */; };
/* End PBXBuildFile section */

/* Begin PBXContainerItemProxy section */
		AF433BA41AA604FB00066311 /* PBXContainerItemProxy */ = {
			isa = PBXContainerItemProxy;
			containerPortal = AF433B861AA604FB00066311 /* Project object */;
			proxyType = 1;
			remoteGlobalIDString = AF433B8D1AA604FB00066311;
			remoteInfo = firstApp;
		};
/* End PBXContainerItemProxy section */

/* Begin PBXFileReference section */
		AF433B8E1AA604FB00066311 /* firstApp.app */ = {isa = PBXFileReference; explicitFileType = wrapper.application; includeInIndex = 0; path = firstApp.app; sourceTree = BUILT_PRODUCTS_DIR; };
		AF433B921AA604FB00066311 /* Info.plist */ = {isa = PBXFileReference; lastKnownFileType = text.plist.xml; path = Info.plist; sourceTree = "<group>"; };
		AF433B931AA604FB00066311 /* AppDelegate.swift */ = {isa = PBXFileReference; lastKnownFileType = sourcecode.swift; path = AppDelegate.swift; sourceTree = "<group>"; };
		AF433B951AA604FB00066311 /* ViewController.swift */ = {isa = PBXFileReference; lastKnownFileType = sourcecode.swift; path = ViewController.swift; sourceTree = "<group>"; };
		AF433B981AA604FB00066311 /* Base */ = {isa = PBXFileReference; lastKnownFileType = file.storyboard; name = Base; path = Base.lproj/Main.storyboard; sourceTree = "<group>"; };
		AF433B9A1AA604FB00066311 /* Images.xcassets */ = {isa = PBXFileReference; lastKnownFileType = folder.assetcatalog; path = Images.xcassets; sourceTree = "<group>"; };
		AF433B9D1AA604FB00066311 /* Base */ = {isa = PBXFileReference; lastKnownFileType = file.xib; name = Base; path = Base.lproj/LaunchScreen.xib; sourceTree = "<group>"; };
		AF433BA31AA604FB00066311 /* firstAppTests.xctest */ = {isa = PBXFileReference; explicitFileType = wrapper.cfbundle; includeInIndex = 0; path = firstAppTests.xctest; sourceTree = BUILT_PRODUCTS_DIR; };
		AF433BA81AA604FB00066311 /* Info.plist */ = {isa = PBXFileReference; lastKnownFileType = text.plist.xml; path = Info.plist; sourceTree = "<group>"; };
		AF433BA91AA604FB00066311 /* firstAppTests.swift */ = {isa = PBXFileReference; lastKnownFileType = sourcecode.swift; path = firstAppTests.swift; sourceTree = "<group>"; };
/* End PBXFileReference section */

/* Begin PBXFrameworksBuildPhase section */
		AF433B8B1AA604FB00066311 /* Frameworks */ = {
			isa = PBXFrameworksBuildPhase;
			buildActionMask = 2147483647;
			files = (
			);
			runOnlyForDeploymentPostprocessing = 0;
		};
		AF433BA01AA604FB00066311 /* Frameworks */ = {
			isa = PBXFrameworksBuildPhase;
			buildActionMask = 2147483647;
			files = (
			);
			runOnlyForDeploymentPostprocessing = 0;
		};
/* End PBXFrameworksBuildPhase section */

/* Begin PBXGroup section */
		AF433B851AA604FB00066311 = {
			isa = PBXGroup;
			children = (
				AF433B901AA604FB00066311 /* firstApp */,
				AF433BA61AA604FB00066311 /* firstAppTests */,
				AF433B8F1AA604FB00066311 /* Products */,
			);
			sourceTree = "<group>";
		};
		AF433B8F1AA604FB00066311 /* Products */ = {
			isa = PBXGroup;
			children = (
				AF433B8E1AA604FB00066311 /* firstApp.app */,
				AF433BA31AA604FB00066311 /* firstAppTests.xctest */,
			);
			name = Products;
			sourceTree = "<group>";
		};
		AF433B901AA604FB00066311 /* firstApp */ = {
			isa = PBXGroup;
			children = (
				AF433B931AA604FB00066311 /* AppDelegate.swift */,
				AF433B951AA604FB00066311 /* ViewController.swift */,
				AF433B971AA604FB00066311 /* Main.storyboard */,
				AF433B9A1AA604FB00066311 /* Images.xcassets */,
				AF433B9C1AA604FB00066311 /* LaunchScreen.xib */,
				AF433B911AA604FB00066311 /* Supporting Files */,
			);
			path = firstApp;
			sourceTree = "<group>";
		};
		AF433B911AA604FB00066311 /* Supporting Files */ = {
			isa = PBXGroup;
			children = (
				AF433B921AA604FB00066311 /* Info.plist */,
			);
			name = "Supporting Files";
			sourceTree = "<group>";
		};
		AF433BA61AA604FB00066311 /* firstAppTests */ = {
			isa = PBXGroup;
			children = (
				AF433BA91AA604FB00066311 /* firstAppTests.swift */,
				AF433BA71AA604FB00066311 /* Supporting Files */,
			);
			path = firstAppTests;
			sourceTree = "<group>";
		};
		AF433BA71AA604FB00066311 /* Supporting Files */ = {
			isa = PBXGroup;
			children = (
				AF433BA81AA604FB00066311 /* Info.plist */,
			);
			name = "Supporting Files";
			sourceTree = "<group>";
		};
/* End PBXGroup section */

/* Begin PBXNativeTarget section */
		AF433B8D1AA604FB00066311 /* firstApp */ = {
			isa = PBXNativeTarget;
			buildConfigurationList = AF433BAD1AA604FB00066311 /* Build configuration list for PBXNativeTarget "firstApp" */;
			buildPhases = (
				AF433B8A1AA604FB00066311 /* Sources */,
				AF433B8B1AA604FB00066311 /* Frameworks */,
				AF433B8C1AA604FB00066311 /* Resources */,
			);
			buildRules = (
			);
			dependencies = (
			);
			name = firstApp;
			productName = firstApp;
			productReference = AF433B8E1AA604FB00066311 /* firstApp.app */;
			productType = "com.apple.product-type.application";
		};
		AF433BA21AA604FB00066311 /* firstAppTests */ = {
			isa = PBXNativeTarget;
			buildConfigurationList = AF433BB01AA604FB00066311 /* Build configuration list for PBXNativeTarget "firstAppTests" */;
			buildPhases = (
				AF433B9F1AA604FB00066311 /* Sources */,
				AF433BA01AA604FB00066311 /* Frameworks */,
				AF433BA11AA604FB00066311 /* Resources */,
			);
			buildRules = (
			);
			dependencies = (
				AF433BA51AA604FB00066311 /* PBXTargetDependency */,
			);
			name = firstAppTests;
			productName = firstAppTests;
			productReference = AF433BA31AA604FB00066311 /* firstAppTests.xctest */;
			productType = "com.apple.product-type.bundle.unit-test";
		};
/* End PBXNativeTarget section */

/* Begin PBXProject section */
		AF433B861AA604FB00066311 /* Project object */ = {
			isa = PBXProject;
			attributes = {
				LastUpgradeCheck = 0610;
				ORGANIZATIONNAME = Servicedesk;
				TargetAttributes = {
					AF433B8D1AA604FB00066311 = {
						CreatedOnToolsVersion = 6.1.1;
					};
					AF433BA21AA604FB00066311 = {
						CreatedOnToolsVersion = 6.1.1;
						TestTargetID = AF433B8D1AA604FB00066311;
					};
				};
			};
			buildConfigurationList = AF433B891AA604FB00066311 /* Build configuration list for PBXProject "firstApp" */;
			compatibilityVersion = "Xcode 3.2";
			developmentRegion = English;
			hasScannedForEncodings = 0;
			knownRegions = (
				en,
				Base,
			);
			mainGroup = AF433B851AA604FB00066311;
			productRefGroup = AF433B8F1AA604FB00066311 /* Products */;
			projectDirPath = "";
			projectRoot = "";
			targets = (
				AF433B8D1AA604FB00066311 /* firstApp */,
				AF433BA21AA604FB00066311 /* firstAppTests */,
			);
		};
/* End PBXProject section */

/* Begin PBXResourcesBuildPhase section */
		AF433B8C1AA604FB00066311 /* Resources */ = {
			isa = PBXResourcesBuildPhase;
			buildActionMask = 2147483647;
			files = (
				AF433B991AA604FB00066311 /* Main.storyboard in Resources */,
				AF433B9E1AA604FB00066311 /* LaunchScreen.xib in Resources */,
				AF433B9B1AA604FB00066311 /* Images.xcassets in Resources */,
			);
			runOnlyForDeploymentPostprocessing = 0;
		};
		AF433BA11AA604FB00066311 /* Resources */ = {
			isa = PBXResourcesBuildPhase;
			buildActionMask = 2147483647;
			files = (
			);
			runOnlyForDeploymentPostprocessing = 0;
		};
/* End PBXResourcesBuildPhase section */

/* Begin PBXSourcesBuildPhase section */
		AF433B8A1AA604FB00066311 /* Sources */ = {
			isa = PBXSourcesBuildPhase;
			buildActionMask = 2147483647;
			files = (
				AF433B961AA604FB00066311 /* ViewController.swift in Sources */,
				AF433B941AA604FB00066311 /* AppDelegate.swift in Sources */,
			);
			runOnlyForDeploymentPostprocessing = 0;
		};
		AF433B9F1AA604FB00066311 /* Sources */ = {
			isa = PBXSourcesBuildPhase;
			buildActionMask = 2147483647;
			files = (
				AF433BAA1AA604FB00066311 /* firstAppTests.swift in Sources */,
			);
			runOnlyForDeploymentPostprocessing = 0;
		};
/* End PBXSourcesBuildPhase section */

/* Begin PBXTargetDependency section */
		AF433BA51AA604FB00066311 /* PBXTargetDependency */ = {
			isa = PBXTargetDependency;
			target = AF433B8D1AA604FB00066311 /* firstApp */;
			targetProxy = AF433BA41AA604FB00066311 /* PBXContainerItemProxy */;
		};
/* End PBXTargetDependency section */

/* Begin PBXVariantGroup section */
		AF433B971AA604FB00066311 /* Main.storyboard */ = {
			isa = PBXVariantGroup;
			children = (
				AF433B981AA604FB00066311 /* Base */,
			);
			name = Main.storyboard;
			sourceTree = "<group>";
		};
		AF433B9C1AA604FB00066311 /* LaunchScreen.xib */ = {
			isa = PBXVariantGroup;
			children = (
				AF433B9D1AA604FB00066311 /* Base */,
			);
			name = LaunchScreen.xib;
			sourceTree = "<group>";
		};
/* End PBXVariantGroup section */

/* Begin XCBuildConfiguration section */
		AF433BAB1AA604FB00066311 /* Debug */ = {
			isa = XCBuildConfiguration;
			buildSettings = {
				ALWAYS_SEARCH_USER_PATHS = NO;
				CLANG_CXX_LANGUAGE_STANDARD = "gnu++0x";
				CLANG_CXX_LIBRARY = "libc++";
				CLANG_ENABLE_MODULES = YES;
				CLANG_ENABLE_OBJC_ARC = YES;
				CLANG_WARN_BOOL_CONVERSION = YES;
				CLANG_WARN_CONSTANT_CONVERSION = YES;
				CLANG_WARN_DIRECT_OBJC_ISA_USAGE = YES_ERROR;
				CLANG_WARN_EMPTY_BODY = YES;
				CLANG_WARN_ENUM_CONVERSION = YES;
				CLANG_WARN_INT_CONVERSION = YES;
				CLANG_WARN_OBJC_ROOT_CLASS = YES_ERROR;
				CLANG_WARN_UNREACHABLE_CODE = YES;
				CLANG_WARN__DUPLICATE_METHOD_MATCH = YES;
				"CODE_SIGN_IDENTITY[sdk=iphoneos*]" = "iPhone Developer";
				COPY_PHASE_STRIP = NO;
				ENABLE_STRICT_OBJC_MSGSEND = YES;
				GCC_C_LANGUAGE_STANDARD = gnu99;
				GCC_DYNAMIC_NO_PIC = NO;
				GCC_OPTIMIZATION_LEVEL = 0;
				GCC_PREPROCESSOR_DEFINITIONS = (
					"DEBUG=1",
					"$(inherited)",
				);
				GCC_SYMBOLS_PRIVATE_EXTERN = NO;
				GCC_WARN_64_TO_32_BIT_CONVERSION = YES;
				GCC_WARN_ABOUT_RETURN_TYPE = YES_ERROR;
				GCC_WARN_UNDECLARED_SELECTOR = YES;
				GCC_WARN_UNINITIALIZED_AUTOS = YES_AGGRESSIVE;
				GCC_WARN_UNUSED_FUNCTION = YES;
				GCC_WARN_UNUSED_VARIABLE = YES;
				IPHONEOS_DEPLOYMENT_TARGET = 8.1;
				MTL_ENABLE_DEBUG_INFO = YES;
				ONLY_ACTIVE_ARCH = YES;
				SDKROOT = iphoneos;
				SWIFT_OPTIMIZATION_LEVEL = "-Onone";
			};
			name = Debug;
		};
		AF433BAC1AA604FB00066311 /* Release */ = {
			isa = XCBuildConfiguration;
			buildSettings = {
				ALWAYS_SEARCH_USER_PATHS = NO;
				CLANG_CXX_LANGUAGE_STANDARD = "gnu++0x";
				CLANG_CXX_LIBRARY = "libc++";
				CLANG_ENABLE_MODULES = YES;
				CLANG_ENABLE_OBJC_ARC = YES;
				CLANG_WARN_BOOL_CONVERSION = YES;
				CLANG_WARN_CONSTANT_CONVERSION = YES;
				CLANG_WARN_DIRECT_OBJC_ISA_USAGE = YES_ERROR;
				CLANG_WARN_EMPTY_BODY = YES;
				CLANG_WARN_ENUM_CONVERSION = YES;
				CLANG_WARN_INT_CONVERSION = YES;
				CLANG_WARN_OBJC_ROOT_CLASS = YES_ERROR;
				CLANG_WARN_UNREACHABLE_CODE = YES;
				CLANG_WARN__DUPLICATE_METHOD_MATCH = YES;
				"CODE_SIGN_IDENTITY[sdk=iphoneos*]" = "iPhone Developer";
				COPY_PHASE_STRIP = YES;
				ENABLE_NS_ASSERTIONS = NO;
				ENABLE_STRICT_OBJC_MSGSEND = YES;
				GCC_C_LANGUAGE_STANDARD = gnu99;
				GCC_WARN_64_TO_32_BIT_CONVERSION = YES;
				GCC_WARN_ABOUT_RETURN_TYPE = YES_ERROR;
				GCC_WARN_UNDECLARED_SELECTOR = YES;
				GCC_WARN_UNINITIALIZED_AUTOS = YES_AGGRESSIVE;
				GCC_WARN_UNUSED_FUNCTION = YES;
				GCC_WARN_UNUSED_VARIABLE = YES;
				IPHONEOS_DEPLOYMENT_TARGET = 8.1;
				MTL_ENABLE_DEBUG_INFO = NO;
				SDKROOT = iphoneos;
				VALIDATE_PRODUCT = YES;
			};
			name = Release;
		};
		AF433BAE1AA604FB00066311 /* Debug */ = {
			isa = XCBuildConfiguration;
			buildSettings = {
				ASSETCATALOG_COMPILER_APPICON_NAME = AppIcon;
				INFOPLIST_FILE = firstApp/Info.plist;
				LD_RUNPATH_SEARCH_PATHS = "$(inherited) @executable_path/Frameworks";
				PRODUCT_NAME = "$(TARGET_NAME)";
			};
			name = Debug;
		};
		AF433BAF1AA604FB00066311 /* Release */ = {
			isa = XCBuildConfiguration;
			buildSettings = {
				ASSETCATALOG_COMPILER_APPICON_NAME = AppIcon;
				INFOPLIST_FILE = firstApp/Info.plist;
				LD_RUNPATH_SEARCH_PATHS = "$(inherited) @executable_path/Frameworks";
				PRODUCT_NAME = "$(TARGET_NAME)";
			};
			name = Release;
		};
		AF433BB11AA604FB00066311 /* Debug */ = {
			isa = XCBuildConfiguration;
			buildSettings = {
				BUNDLE_LOADER = "$(TEST_HOST)";
				FRAMEWORK_SEARCH_PATHS = (
					"$(SDKROOT)/Developer/Library/Frameworks",
					"$(inherited)",
				);
				GCC_PREPROCESSOR_DEFINITIONS = (
					"DEBUG=1",
					"$(inherited)",
				);
				INFOPLIST_FILE = firstAppTests/Info.plist;
				LD_RUNPATH_SEARCH_PATHS = "$(inherited) @executable_path/Frameworks @loader_path/Frameworks";
				PRODUCT_NAME = "$(TARGET_NAME)";
				TEST_HOST = "$(BUILT_PRODUCTS_DIR)/firstApp.app/firstApp";
			};
			name = Debug;
		};
		AF433BB21AA604FB00066311 /* Release */ = {
			isa = XCBuildConfiguration;
			buildSettings = {
				BUNDLE_LOADER = "$(TEST_HOST)";
				FRAMEWORK_SEARCH_PATHS = (
					"$(SDKROOT)/Developer/Library/Frameworks",
					"$(inherited)",
				);
				INFOPLIST_FILE = firstAppTests/Info.plist;
				LD_RUNPATH_SEARCH_PATHS = "$(inherited) @executable_path/Frameworks @loader_path/Frameworks";
				PRODUCT_NAME = "$(TARGET_NAME)";
				TEST_HOST = "$(BUILT_PRODUCTS_DIR)/firstApp.app/firstApp";
			};
			name = Release;
		};
/* End XCBuildConfiguration section */

/* Begin XCConfigurationList section */
		AF433B891AA604FB00066311 /* Build configuration list for PBXProject "firstApp" */ = {
			isa = XCConfigurationList;
			buildConfigurations = (
				AF433BAB1AA604FB00066311 /* Debug */,
				AF433BAC1AA604FB00066311 /* Release */,
			);
			defaultConfigurationIsVisible = 0;
			defaultConfigurationName = Release;
		};
		AF433BAD1AA604FB00066311 /* Build configuration list for PBXNativeTarget "firstApp" */ = {
			isa = XCConfigurationList;
			buildConfigurations = (
				AF433BAE1AA604FB00066311 /* Debug */,
				AF433BAF1AA604FB00066311 /* Release */,
			);
			defaultConfigurationIsVisible = 0;
		};
		AF433BB01AA604FB00066311 /* Build configuration list for PBXNativeTarget "firstAppTests" */ = {
			isa = XCConfigurationList;
			buildConfigurations = (
				AF433BB11AA604FB00066311 /* Debug */,
				AF433BB21AA604FB00066311 /* Release */,
			);
			defaultConfigurationIsVisible = 0;
		};
/* End XCConfigurationList section */
	};
	rootObject = AF433B861AA604FB00066311 /* Project object */;
}
